
Microsoft Visual Studio Solution File, Format Version 12.00
# Visual Studio Version 17
VisualStudioVersion = 17.0.31903.59
MinimumVisualStudioVersion = 10.0.40219.1
Project("{FAE04EC0-301F-11D3-BF4B-00C04F79EFBC}") = "ReciboFacil.Api", "ReciboFacil.Api\ReciboFacil.Api.csproj", "{24EA2C04-3FA0-4130-B625-8ACDFC86DEE7}"
EndProject
Project("{FAE04EC0-301F-11D3-BF4B-00C04F79EFBC}") = "ReciboFacil.Aplicacao", "ReciboFacil.Aplicacao\ReciboFacil.Aplicacao.csproj", "{1BDD8BC2-957E-471A-90DC-86D6994EE26A}"
EndProject
Project("{FAE04EC0-301F-11D3-BF4B-00C04F79EFBC}") = "ReciboFacil.Dominio", "ReciboFacil.Dominio\ReciboFacil.Dominio.csproj", "{6CDF0667-6CB2-4943-AB7C-E84D29F4DA4D}"
EndProject
Project("{FAE04EC0-301F-11D3-BF4B-00C04F79EFBC}") = "ReciboFacil.Repositorio", "ReciboFacil.Repositorio\ReciboFacil.Repositorio.csproj", "{44EC102E-1EA8-4369-BF66-126BD2AF1C4F}"
EndProject
Project("{FAE04EC0-301F-11D3-BF4B-00C04F79EFBC}") = "ReciboFacil.Servicos", "ReciboFacil.Servicos\ReciboFacil.Servicos.csproj", "{D4D12E05-AF92-4DCE-9CAC-B3A8A779D1BF}"
EndProject
Global
	GlobalSection(SolutionConfigurationPlatforms) = preSolution
		Debug|Any CPU = Debug|Any CPU
		Release|Any CPU = Release|Any CPU
	EndGlobalSection
	GlobalSection(SolutionProperties) = preSolution
		HideSolutionNode = FALSE
	EndGlobalSection
	GlobalSection(ProjectConfigurationPlatforms) = postSolution
		{24EA2C04-3FA0-4130-B625-8ACDFC86DEE7}.Debug|Any CPU.ActiveCfg = Debug|Any CPU
		{24EA2C04-3FA0-4130-B625-8ACDFC86DEE7}.Debug|Any CPU.Build.0 = Debug|Any CPU
		{24EA2C04-3FA0-4130-B625-8ACDFC86DEE7}.Release|Any CPU.ActiveCfg = Release|Any CPU
		{24EA2C04-3FA0-4130-B625-8ACDFC86DEE7}.Release|Any CPU.Build.0 = Release|Any CPU
		{1BDD8BC2-957E-471A-90DC-86D6994EE26A}.Debug|Any CPU.ActiveCfg = Debug|Any CPU
		{1BDD8BC2-957E-471A-90DC-86D6994EE26A}.Debug|Any CPU.Build.0 = Debug|Any CPU
		{1BDD8BC2-957E-471A-90DC-86D6994EE26A}.Release|Any CPU.ActiveCfg = Release|Any CPU
		{1BDD8BC2-957E-471A-90DC-86D6994EE26A}.Release|Any CPU.Build.0 = Release|Any CPU
		{6CDF0667-6CB2-4943-AB7C-E84D29F4DA4D}.Debug|Any CPU.ActiveCfg = Debug|Any CPU
		{6CDF0667-6CB2-4943-AB7C-E84D29F4DA4D}.Debug|Any CPU.Build.0 = Debug|Any CPU
		{6CDF0667-6CB2-4943-AB7C-E84D29F4DA4D}.Release|Any CPU.ActiveCfg = Release|Any CPU
		{6CDF0667-6CB2-4943-AB7C-E84D29F4DA4D}.Release|Any CPU.Build.0 = Release|Any CPU
		{44EC102E-1EA8-4369-BF66-126BD2AF1C4F}.Debug|Any CPU.ActiveCfg = Debug|Any CPU
		{44EC102E-1EA8-4369-BF66-126BD2AF1C4F}.Debug|Any CPU.Build.0 = Debug|Any CPU
		{44EC102E-1EA8-4369-BF66-126BD2AF1C4F}.Release|Any CPU.ActiveCfg = Release|Any CPU
		{44EC102E-1EA8-4369-BF66-126BD2AF1C4F}.Release|Any CPU.Build.0 = Release|Any CPU
		{D4D12E05-AF92-4DCE-9CAC-B3A8A779D1BF}.Debug|Any CPU.ActiveCfg = Debug|Any CPU
		{D4D12E05-AF92-4DCE-9CAC-B3A8A779D1BF}.Debug|Any CPU.Build.0 = Debug|Any CPU
		{D4D12E05-AF92-4DCE-9CAC-B3A8A779D1BF}.Release|Any CPU.ActiveCfg = Release|Any CPU
		{D4D12E05-AF92-4DCE-9CAC-B3A8A779D1BF}.Release|Any CPU.Build.0 = Release|Any CPU
	EndGlobalSection
EndGlobal
